
Microsoft Visual Studio Solution File, Format Version 12.00
# Visual Studio Version 17
VisualStudioVersion = 17.11.35327.3
MinimumVisualStudioVersion = 10.0.40219.1
Project("{FAE04EC0-301F-11D3-BF4B-00C04F79EFBC}") = "Daily-Track", "..\..\..\..\Documents\Proyecto\Other\Proyect-DailyTrack-\Daily-Track\Daily-Track\Daily-Track.csproj", "{8562F763-7E08-4A96-B880-95A2257ACBFD}"
EndProject
Global
	GlobalSection(SolutionConfigurationPlatforms) = preSolution
		Debug|Any CPU = Debug|Any CPU
		Release|Any CPU = Release|Any CPU
	EndGlobalSection
	GlobalSection(ProjectConfigurationPlatforms) = postSolution
		{8562F763-7E08-4A96-B880-95A2257ACBFD}.Debug|Any CPU.ActiveCfg = Debug|Any CPU
		{8562F763-7E08-4A96-B880-95A2257ACBFD}.Debug|Any CPU.Build.0 = Debug|Any CPU
		{8562F763-7E08-4A96-B880-95A2257ACBFD}.Release|Any CPU.ActiveCfg = Release|Any CPU
		{8562F763-7E08-4A96-B880-95A2257ACBFD}.Release|Any CPU.Build.0 = Release|Any CPU
	EndGlobalSection
	GlobalSection(SolutionProperties) = preSolution
		HideSolutionNode = FALSE
	EndGlobalSection
	GlobalSection(ExtensibilityGlobals) = postSolution
		SolutionGuid = {2BB7B436-4318-489B-AB71-AE3FED78F88D}
	EndGlobalSection
EndGlobal
