
Microsoft Visual Studio Solution File, Format Version 12.00
# Visual Studio Version 17
VisualStudioVersion = 17.11.35219.272
MinimumVisualStudioVersion = 10.0.40219.1
Project("{FAE04EC0-301F-11D3-BF4B-00C04F79EFBC}") = "DailyTrack", "DailyTrack\DailyTrack.csproj", "{1940E23C-C5CD-4115-AB71-75D106B858DA}"
EndProject
Global
	GlobalSection(SolutionConfigurationPlatforms) = preSolution
		Debug|Any CPU = Debug|Any CPU
		Release|Any CPU = Release|Any CPU
	EndGlobalSection
	GlobalSection(ProjectConfigurationPlatforms) = postSolution
		{1940E23C-C5CD-4115-AB71-75D106B858DA}.Debug|Any CPU.ActiveCfg = Debug|Any CPU
		{1940E23C-C5CD-4115-AB71-75D106B858DA}.Debug|Any CPU.Build.0 = Debug|Any CPU
		{1940E23C-C5CD-4115-AB71-75D106B858DA}.Release|Any CPU.ActiveCfg = Release|Any CPU
		{1940E23C-C5CD-4115-AB71-75D106B858DA}.Release|Any CPU.Build.0 = Release|Any CPU
	EndGlobalSection
	GlobalSection(SolutionProperties) = preSolution
		HideSolutionNode = FALSE
	EndGlobalSection
	GlobalSection(ExtensibilityGlobals) = postSolution
		SolutionGuid = {6D9EC043-A03D-4740-9335-2D5A6C08F0C3}
	EndGlobalSection
EndGlobal
